
Microsoft Visual Studio Solution File, Format Version 12.00
# Visual Studio Version 17
VisualStudioVersion = 17.5.33516.290
MinimumVisualStudioVersion = 10.0.40219.1
Project("{2150E333-8FDC-42A3-9474-1A3956D46DE8}") = "Core", "Core", "{8336F1BD-B2B2-4F27-8A51-2418B79FF612}"
EndProject
Project("{9A19103F-16F7-4668-BE54-9A1E7A4F7556}") = "AWSLambda1.Application", "AWSLambdaConsumoERP.Application\AWSLambda1.Application.csproj", "{A6F603DF-737B-4168-9175-C1287FCF6ABB}"
EndProject
Project("{9A19103F-16F7-4668-BE54-9A1E7A4F7556}") = "AWSLambda1.Domain", "AWSLambdaConsumoERP.Domain\AWSLambda1.Domain.csproj", "{39B1211A-6784-416A-A070-1E1F4AEF33CA}"
EndProject
Project("{9A19103F-16F7-4668-BE54-9A1E7A4F7556}") = "AWSLambda1.Persistence", "AWSLambdaConsumoERP.Persistence\AWSLambda1.Persistence.csproj", "{7D1ED66A-2920-4AE5-BD33-E61F1B5723B7}"
EndProject
Project("{9A19103F-16F7-4668-BE54-9A1E7A4F7556}") = "AWSLambda1", "AWSLambdaERP\AWSLambda1.csproj", "{B33B4008-0DDC-4AFD-9186-C74E342BE96E}"
EndProject
Global
	GlobalSection(SolutionConfigurationPlatforms) = preSolution
		Debug|Any CPU = Debug|Any CPU
		Release|Any CPU = Release|Any CPU
	EndGlobalSection
	GlobalSection(ProjectConfigurationPlatforms) = postSolution
		{A6F603DF-737B-4168-9175-C1287FCF6ABB}.Debug|Any CPU.ActiveCfg = Debug|Any CPU
		{A6F603DF-737B-4168-9175-C1287FCF6ABB}.Debug|Any CPU.Build.0 = Debug|Any CPU
		{A6F603DF-737B-4168-9175-C1287FCF6ABB}.Release|Any CPU.ActiveCfg = Release|Any CPU
		{A6F603DF-737B-4168-9175-C1287FCF6ABB}.Release|Any CPU.Build.0 = Release|Any CPU
		{39B1211A-6784-416A-A070-1E1F4AEF33CA}.Debug|Any CPU.ActiveCfg = Debug|Any CPU
		{39B1211A-6784-416A-A070-1E1F4AEF33CA}.Debug|Any CPU.Build.0 = Debug|Any CPU
		{39B1211A-6784-416A-A070-1E1F4AEF33CA}.Release|Any CPU.ActiveCfg = Release|Any CPU
		{39B1211A-6784-416A-A070-1E1F4AEF33CA}.Release|Any CPU.Build.0 = Release|Any CPU
		{7D1ED66A-2920-4AE5-BD33-E61F1B5723B7}.Debug|Any CPU.ActiveCfg = Debug|Any CPU
		{7D1ED66A-2920-4AE5-BD33-E61F1B5723B7}.Debug|Any CPU.Build.0 = Debug|Any CPU
		{7D1ED66A-2920-4AE5-BD33-E61F1B5723B7}.Release|Any CPU.ActiveCfg = Release|Any CPU
		{7D1ED66A-2920-4AE5-BD33-E61F1B5723B7}.Release|Any CPU.Build.0 = Release|Any CPU
		{B33B4008-0DDC-4AFD-9186-C74E342BE96E}.Debug|Any CPU.ActiveCfg = Debug|Any CPU
		{B33B4008-0DDC-4AFD-9186-C74E342BE96E}.Debug|Any CPU.Build.0 = Debug|Any CPU
		{B33B4008-0DDC-4AFD-9186-C74E342BE96E}.Release|Any CPU.ActiveCfg = Release|Any CPU
		{B33B4008-0DDC-4AFD-9186-C74E342BE96E}.Release|Any CPU.Build.0 = Release|Any CPU
	EndGlobalSection
	GlobalSection(SolutionProperties) = preSolution
		HideSolutionNode = FALSE
	EndGlobalSection
	GlobalSection(NestedProjects) = preSolution
		{A6F603DF-737B-4168-9175-C1287FCF6ABB} = {8336F1BD-B2B2-4F27-8A51-2418B79FF612}
		{39B1211A-6784-416A-A070-1E1F4AEF33CA} = {8336F1BD-B2B2-4F27-8A51-2418B79FF612}
	EndGlobalSection
	GlobalSection(ExtensibilityGlobals) = postSolution
		SolutionGuid = {628C6FD2-A3C0-4328-AE3F-E14EF9877089}
	EndGlobalSection
EndGlobal
